# THIS IS AN AUTOGENERATED FILE. DO NOT EDIT THIS FILE DIRECTLY.
# yarn lockfile v1


apollo-link-context@^1.0.10:
  version "1.0.10"
  resolved "https://registry.yarnpkg.com/apollo-link-context/-/apollo-link-context-1.0.10.tgz#c20b0b32c6e4e08c0d3967174f9c2a897c8431fe"
  dependencies:
    apollo-link "^1.2.4"

apollo-link@^1.2.4:
  version "1.2.4"
  resolved "https://registry.yarnpkg.com/apollo-link/-/apollo-link-1.2.4.tgz#ab4d21d2e428db848e88b5e8f4adc717b19c954b"
  dependencies:
    apollo-utilities "^1.0.0"
    zen-observable-ts "^0.8.11"

apollo-utilities@^1.0.0:
  version "1.0.26"
  resolved "https://registry.yarnpkg.com/apollo-utilities/-/apollo-utilities-1.0.26.tgz#589c66bf4d16223531351cf667a230c787def1da"
  dependencies:
    fast-json-stable-stringify "^2.0.0"

fast-json-stable-stringify@^2.0.0:
  version "2.0.0"
  resolved "https://registry.yarnpkg.com/fast-json-stable-stringify/-/fast-json-stable-stringify-2.0.0.tgz#d5142c0caee6b1189f87d3a76111064f86c8bbf2"

qr-image@^3.2.0:
  version "3.2.0"
  resolved "https://registry.yarnpkg.com/qr-image/-/qr-image-3.2.0.tgz#9fa8295beae50c4a149cf9f909a1db464a8672e8"
  integrity sha1-n6gpW+rlDEoUnPn5CaHbRkqGcug=

zen-observable-ts@^0.8.11:
  version "0.8.11"
  resolved "https://registry.yarnpkg.com/zen-observable-ts/-/zen-observable-ts-0.8.11.tgz#d54a27cd17dc4b4bb6bd008e5c096af7fcb068a9"
  dependencies:
    zen-observable "^0.8.0"

zen-observable@^0.8.0:
  version "0.8.11"
  resolved "https://registry.yarnpkg.com/zen-observable/-/zen-observable-0.8.11.tgz#d3415885eeeb42ee5abb9821c95bb518fcd6d199"
